# models-restricted.lock — the OPEN CATALOG's second tier
# (docs/planning/15-model-configurations.md §3).
#
# Everything here is admissible for EVALUATION and blocked from billable
# events until a per-client procurement record exists (M4). Same machine
# columns as models.lock (service filename sha256 url) — the structured
# grant/provenance story lives in pipeline.json's models block, where the
# planner reads and enforces it; this file only pins bytes.
#
# Fetched ONLY by an explicit `make models-restricted`, always from the
# vendor's own distribution point — this repo never re-hosts weights it has
# no grant to redistribute. `make models` and a fresh deploy stay exactly as
# clean as they always were; verify-models treats an UNFETCHED restricted
# weight as a choice, and a wrong or placeholder one as fatal.
#
# THE ONE HARD EXCLUSION that survives the open-catalog decision: a model
# whose terms forbid internal benchmarking never enters this file at all.
#
# columns: service  filename  sha256  url
#
# (No fetchable rows yet. The first candidates, for the record:
#  - rtdetrv2_s.onnx — Apache-2.0 code/weights (lyuwenyu/RT-DETR) but no
#    official ONNX asset; requires a local export, so it is pinned only once
#    an export is reproducible. The persons service already speaks its
#    contract (family "rtdetr", MODEL_SPECS).
#  - ultralytics RT-DETR / RF-DETR-large — AGPL-3.0 / PML respectively;
#    grant "contact" — enter here the day a vendor conversation starts.)
#
# SCRFD weights the .94 box runs — provenance, not rows: InsightFace ships
# them only INSIDE its model-pack zips, so there is no single-file URL for
# `make models` to fetch and verify. Extract the member, then check it:
#  - scrfd_10g_kps.onnx  = buffalo_l.zip member det_10g.onnx
#      sha256 5838f7fe053675b1c7a08b633df49e7af5495cee0493c7dcf6697200b85b5b91
#  - scrfd_2.5g_kps.onnx = buffalo_m.zip member det_2.5g.onnx
#      sha256 041f73f47371333d1d17a6fee6c8ab4e6aecabefe398ff32cca4e2d5eaee0af9
#    buffalo_m.zip: https://github.com/deepinsight/insightface/releases/download/v0.7/buffalo_m.zip
#      sha256 d98264bd8f2dc75cbc2ddce2a14e636e02bb857b3051c234b737bf3b614edca9
